// !$*UTF8*$!
{
	archiveVersion = 1;
	classes = {
	};
	objectVersion = 56;
	objects = {

/* Begin PBXBuildFile section */
		1A157D1F29CC72C4000E9EEB /* RswiftLibrary in Frameworks */ = {isa = PBXBuildFile; productRef = 1A157D1E29CC72C4000E9EEB /* RswiftLibrary */; };
		1A157D2529CC73EA000E9EEB /* ColorResource+SwiftUI.swift in Sources */ = {isa = PBXBuildFile; fileRef = 1A157D2429CC73EA000E9EEB /* ColorResource+SwiftUI.swift */; };
		1A157D2A29CD9072000E9EEB /* Card.swift in Sources */ = {isa = PBXBuildFile; fileRef = 1A157D2929CD9072000E9EEB /* Card.swift */; };
		1A157D2D29CD9C88000E9EEB /* Callbacks.swift in Sources */ = {isa = PBXBuildFile; fileRef = 1A157D2C29CD9C88000E9EEB /* Callbacks.swift */; };
		1A157D3129CDDE5D000E9EEB /* MainScreenViewModel.swift in Sources */ = {isa = PBXBuildFile; fileRef = 1A157D3029CDDE5D000E9EEB /* MainScreenViewModel.swift */; };
		1A157D3F29CDE70E000E9EEB /* Localizable.strings in Resources */ = {isa = PBXBuildFile; fileRef = 1A157D3E29CDE70E000E9EEB /* Localizable.strings */; };
		1A157D6429CDECA8000E9EEB /* MainScreenViewModelTests.swift in Sources */ = {isa = PBXBuildFile; fileRef = 1A50C62D29CB51FB00B137E3 /* MainScreenViewModelTests.swift */; };
		1A157D6729CDED2A000E9EEB /* todoshechkaTests.swift in Sources */ = {isa = PBXBuildFile; fileRef = 1A157D6629CDED2A000E9EEB /* todoshechkaTests.swift */; };
		1A157D6E29CE1077000E9EEB /* RelativeWeekDayFormatter.swift in Sources */ = {isa = PBXBuildFile; fileRef = 1A157D6D29CE1077000E9EEB /* RelativeWeekDayFormatter.swift */; };
		1A157D7429CED6E6000E9EEB /* RelativeWeekDayFormatterTests.swift in Sources */ = {isa = PBXBuildFile; fileRef = 1A157D7329CED6E6000E9EEB /* RelativeWeekDayFormatterTests.swift */; };
		1A157D7829CED959000E9EEB /* Calendar+createDate.swift in Sources */ = {isa = PBXBuildFile; fileRef = 1A157D7729CED959000E9EEB /* Calendar+createDate.swift */; };
		1A157D7B29CF32B8000E9EEB /* Task.swift in Sources */ = {isa = PBXBuildFile; fileRef = 1A157D7A29CF32B8000E9EEB /* Task.swift */; };
		1A157D7E29CF3359000E9EEB /* Board.swift in Sources */ = {isa = PBXBuildFile; fileRef = 1A157D7D29CF3359000E9EEB /* Board.swift */; };
		1A157D8129CF3E4B000E9EEB /* TaskCard.swift in Sources */ = {isa = PBXBuildFile; fileRef = 1A157D8029CF3E4B000E9EEB /* TaskCard.swift */; };
		1A157D8429D04956000E9EEB /* AppCoordinator.swift in Sources */ = {isa = PBXBuildFile; fileRef = 1A157D8329D04956000E9EEB /* AppCoordinator.swift */; };
		1A157D8829D04A0F000E9EEB /* MainScreenCoordinator.swift in Sources */ = {isa = PBXBuildFile; fileRef = 1A157D8729D04A0F000E9EEB /* MainScreenCoordinator.swift */; };
		1A157D8D29D04DD2000E9EEB /* CreateTaskCoordinator.swift in Sources */ = {isa = PBXBuildFile; fileRef = 1A157D8C29D04DD2000E9EEB /* CreateTaskCoordinator.swift */; };
		1A157D9529D076DE000E9EEB /* CreateTaskViewModel.swift in Sources */ = {isa = PBXBuildFile; fileRef = 1A157D9429D076DE000E9EEB /* CreateTaskViewModel.swift */; };
		1A157D9729D1E6FE000E9EEB /* View+nonNilNavigationDestination.swift in Sources */ = {isa = PBXBuildFile; fileRef = 1A157D9629D1E6FE000E9EEB /* View+nonNilNavigationDestination.swift */; };
		1A157D9D29D2F5BA000E9EEB /* CircleButton.swift in Sources */ = {isa = PBXBuildFile; fileRef = 1A157D9C29D2F5BA000E9EEB /* CircleButton.swift */; };
		1A50C61C29CB51FA00B137E3 /* todoshechkaApp.swift in Sources */ = {isa = PBXBuildFile; fileRef = 1A50C61B29CB51FA00B137E3 /* todoshechkaApp.swift */; };
		1A50C61E29CB51FA00B137E3 /* MainScreen.swift in Sources */ = {isa = PBXBuildFile; fileRef = 1A50C61D29CB51FA00B137E3 /* MainScreen.swift */; };
		1A50C62029CB51FB00B137E3 /* Assets.xcassets in Resources */ = {isa = PBXBuildFile; fileRef = 1A50C61F29CB51FB00B137E3 /* Assets.xcassets */; };
		1A50C62429CB51FB00B137E3 /* Preview Assets.xcassets in Resources */ = {isa = PBXBuildFile; fileRef = 1A50C62329CB51FB00B137E3 /* Preview Assets.xcassets */; };
		1A6161DC29CC62CC00C7E63B /* StyledPicker.swift in Sources */ = {isa = PBXBuildFile; fileRef = 1A6161DB29CC62CC00C7E63B /* StyledPicker.swift */; };
/* End PBXBuildFile section */

/* Begin PBXContainerItemProxy section */
		1A157D5F29CDEC50000E9EEB /* PBXContainerItemProxy */ = {
			isa = PBXContainerItemProxy;
			containerPortal = 1A50C61029CB51FA00B137E3 /* Project object */;
			proxyType = 1;
			remoteGlobalIDString = 1A50C61729CB51FA00B137E3;
			remoteInfo = todoshechka;
		};
		1A50C62A29CB51FB00B137E3 /* PBXContainerItemProxy */ = {
			isa = PBXContainerItemProxy;
			containerPortal = 1A50C61029CB51FA00B137E3 /* Project object */;
			proxyType = 1;
			remoteGlobalIDString = 1A50C61729CB51FA00B137E3;
			remoteInfo = todoshechka;
		};
/* End PBXContainerItemProxy section */

/* Begin PBXFileReference section */
		1A157D2429CC73EA000E9EEB /* ColorResource+SwiftUI.swift */ = {isa = PBXFileReference; lastKnownFileType = sourcecode.swift; path = "ColorResource+SwiftUI.swift"; sourceTree = "<group>"; };
		1A157D2929CD9072000E9EEB /* Card.swift */ = {isa = PBXFileReference; lastKnownFileType = sourcecode.swift; path = Card.swift; sourceTree = "<group>"; };
		1A157D2C29CD9C88000E9EEB /* Callbacks.swift */ = {isa = PBXFileReference; lastKnownFileType = sourcecode.swift; path = Callbacks.swift; sourceTree = "<group>"; };
		1A157D3029CDDE5D000E9EEB /* MainScreenViewModel.swift */ = {isa = PBXFileReference; lastKnownFileType = sourcecode.swift; path = MainScreenViewModel.swift; sourceTree = "<group>"; };
		1A157D3E29CDE70E000E9EEB /* Localizable.strings */ = {isa = PBXFileReference; lastKnownFileType = text.plist.strings; path = Localizable.strings; sourceTree = "<group>"; };
		1A157D5B29CDEC50000E9EEB /* todoshechkaHostedTests.xctest */ = {isa = PBXFileReference; explicitFileType = wrapper.cfbundle; includeInIndex = 0; path = todoshechkaHostedTests.xctest; sourceTree = BUILT_PRODUCTS_DIR; };
		1A157D6629CDED2A000E9EEB /* todoshechkaTests.swift */ = {isa = PBXFileReference; lastKnownFileType = sourcecode.swift; path = todoshechkaTests.swift; sourceTree = "<group>"; };
		1A157D6D29CE1077000E9EEB /* RelativeWeekDayFormatter.swift */ = {isa = PBXFileReference; lastKnownFileType = sourcecode.swift; path = RelativeWeekDayFormatter.swift; sourceTree = "<group>"; };
		1A157D7329CED6E6000E9EEB /* RelativeWeekDayFormatterTests.swift */ = {isa = PBXFileReference; lastKnownFileType = sourcecode.swift; path = RelativeWeekDayFormatterTests.swift; sourceTree = "<group>"; };
		1A157D7729CED959000E9EEB /* Calendar+createDate.swift */ = {isa = PBXFileReference; lastKnownFileType = sourcecode.swift; path = "Calendar+createDate.swift"; sourceTree = "<group>"; };
		1A157D7A29CF32B8000E9EEB /* Task.swift */ = {isa = PBXFileReference; lastKnownFileType = sourcecode.swift; path = Task.swift; sourceTree = "<group>"; };
		1A157D7D29CF3359000E9EEB /* Board.swift */ = {isa = PBXFileReference; lastKnownFileType = sourcecode.swift; path = Board.swift; sourceTree = "<group>"; };
		1A157D8029CF3E4B000E9EEB /* TaskCard.swift */ = {isa = PBXFileReference; lastKnownFileType = sourcecode.swift; path = TaskCard.swift; sourceTree = "<group>"; };
		1A157D8329D04956000E9EEB /* AppCoordinator.swift */ = {isa = PBXFileReference; lastKnownFileType = sourcecode.swift; path = AppCoordinator.swift; sourceTree = "<group>"; };
		1A157D8729D04A0F000E9EEB /* MainScreenCoordinator.swift */ = {isa = PBXFileReference; lastKnownFileType = sourcecode.swift; path = MainScreenCoordinator.swift; sourceTree = "<group>"; };
		1A157D8C29D04DD2000E9EEB /* CreateTaskCoordinator.swift */ = {isa = PBXFileReference; lastKnownFileType = sourcecode.swift; path = CreateTaskCoordinator.swift; sourceTree = "<group>"; };
		1A157D9429D076DE000E9EEB /* CreateTaskViewModel.swift */ = {isa = PBXFileReference; lastKnownFileType = sourcecode.swift; path = CreateTaskViewModel.swift; sourceTree = "<group>"; };
		1A157D9629D1E6FE000E9EEB /* View+nonNilNavigationDestination.swift */ = {isa = PBXFileReference; lastKnownFileType = sourcecode.swift; path = "View+nonNilNavigationDestination.swift"; sourceTree = "<group>"; };
		1A157D9C29D2F5BA000E9EEB /* CircleButton.swift */ = {isa = PBXFileReference; lastKnownFileType = sourcecode.swift; path = CircleButton.swift; sourceTree = "<group>"; };
		1A50C61829CB51FA00B137E3 /* todoshechka.app */ = {isa = PBXFileReference; explicitFileType = wrapper.application; includeInIndex = 0; path = todoshechka.app; sourceTree = BUILT_PRODUCTS_DIR; };
		1A50C61B29CB51FA00B137E3 /* todoshechkaApp.swift */ = {isa = PBXFileReference; lastKnownFileType = sourcecode.swift; path = todoshechkaApp.swift; sourceTree = "<group>"; };
		1A50C61D29CB51FA00B137E3 /* MainScreen.swift */ = {isa = PBXFileReference; lastKnownFileType = sourcecode.swift; path = MainScreen.swift; sourceTree = "<group>"; };
		1A50C61F29CB51FB00B137E3 /* Assets.xcassets */ = {isa = PBXFileReference; lastKnownFileType = folder.assetcatalog; path = Assets.xcassets; sourceTree = "<group>"; };
		1A50C62129CB51FB00B137E3 /* todoshechka.entitlements */ = {isa = PBXFileReference; lastKnownFileType = text.plist.entitlements; path = todoshechka.entitlements; sourceTree = "<group>"; };
		1A50C62329CB51FB00B137E3 /* Preview Assets.xcassets */ = {isa = PBXFileReference; lastKnownFileType = folder.assetcatalog; path = "Preview Assets.xcassets"; sourceTree = "<group>"; };
		1A50C62929CB51FB00B137E3 /* todoshechkaTests.xctest */ = {isa = PBXFileReference; explicitFileType = wrapper.cfbundle; includeInIndex = 0; path = todoshechkaTests.xctest; sourceTree = BUILT_PRODUCTS_DIR; };
		1A50C62D29CB51FB00B137E3 /* MainScreenViewModelTests.swift */ = {isa = PBXFileReference; lastKnownFileType = sourcecode.swift; path = MainScreenViewModelTests.swift; sourceTree = "<group>"; };
		1A6161DB29CC62CC00C7E63B /* StyledPicker.swift */ = {isa = PBXFileReference; lastKnownFileType = sourcecode.swift; path = StyledPicker.swift; sourceTree = "<group>"; };
/* End PBXFileReference section */

/* Begin PBXFrameworksBuildPhase section */
		1A157D5829CDEC50000E9EEB /* Frameworks */ = {
			isa = PBXFrameworksBuildPhase;
			buildActionMask = 2147483647;
			files = (
			);
			runOnlyForDeploymentPostprocessing = 0;
		};
		1A50C61529CB51FA00B137E3 /* Frameworks */ = {
			isa = PBXFrameworksBuildPhase;
			buildActionMask = 2147483647;
			files = (
				1A157D1F29CC72C4000E9EEB /* RswiftLibrary in Frameworks */,
			);
			runOnlyForDeploymentPostprocessing = 0;
		};
		1A50C62629CB51FB00B137E3 /* Frameworks */ = {
			isa = PBXFrameworksBuildPhase;
			buildActionMask = 2147483647;
			files = (
			);
			runOnlyForDeploymentPostprocessing = 0;
		};
/* End PBXFrameworksBuildPhase section */

/* Begin PBXGroup section */
		1A157D2329CC73D3000E9EEB /* Extensions */ = {
			isa = PBXGroup;
			children = (
				1A157D2429CC73EA000E9EEB /* ColorResource+SwiftUI.swift */,
				1A157D9629D1E6FE000E9EEB /* View+nonNilNavigationDestination.swift */,
			);
			path = Extensions;
			sourceTree = "<group>";
		};
		1A157D2629CD9058000E9EEB /* Views */ = {
			isa = PBXGroup;
			children = (
				1A157D2929CD9072000E9EEB /* Card.swift */,
				1A157D9C29D2F5BA000E9EEB /* CircleButton.swift */,
			);
			path = Views;
			sourceTree = "<group>";
		};
		1A157D2B29CD9C63000E9EEB /* Utils */ = {
			isa = PBXGroup;
			children = (
				1A157D6C29CE104F000E9EEB /* Formatters */,
				1A157D2C29CD9C88000E9EEB /* Callbacks.swift */,
			);
			path = Utils;
			sourceTree = "<group>";
		};
		1A157D3329CDDE92000E9EEB /* Screens */ = {
			isa = PBXGroup;
			children = (
				1A157D3429CDDE98000E9EEB /* Main */,
			);
			path = Screens;
			sourceTree = "<group>";
		};
		1A157D3429CDDE98000E9EEB /* Main */ = {
			isa = PBXGroup;
			children = (
				1A50C62D29CB51FB00B137E3 /* MainScreenViewModelTests.swift */,
			);
			path = Main;
			sourceTree = "<group>";
		};
		1A157D3929CDE5EA000E9EEB /* App */ = {
			isa = PBXGroup;
			children = (
				1A50C61B29CB51FA00B137E3 /* todoshechkaApp.swift */,
				1A157D8329D04956000E9EEB /* AppCoordinator.swift */,
				1A50C62129CB51FB00B137E3 /* todoshechka.entitlements */,
			);
			path = App;
			sourceTree = "<group>";
		};
		1A157D3B29CDE603000E9EEB /* Resources */ = {
			isa = PBXGroup;
			children = (
				1A50C61F29CB51FB00B137E3 /* Assets.xcassets */,
				1A157D3E29CDE70E000E9EEB /* Localizable.strings */,
			);
			path = Resources;
			sourceTree = "<group>";
		};
		1A157D5C29CDEC50000E9EEB /* todoshechkaHostedTests */ = {
			isa = PBXGroup;
			children = (
				1A157D3329CDDE92000E9EEB /* Screens */,
				1A157D7129CED6BE000E9EEB /* Utils */,
				1A157D7629CED938000E9EEB /* TestUtils */,
			);
			path = todoshechkaHostedTests;
			sourceTree = "<group>";
		};
		1A157D6C29CE104F000E9EEB /* Formatters */ = {
			isa = PBXGroup;
			children = (
				1A157D6D29CE1077000E9EEB /* RelativeWeekDayFormatter.swift */,
			);
			path = Formatters;
			sourceTree = "<group>";
		};
		1A157D7129CED6BE000E9EEB /* Utils */ = {
			isa = PBXGroup;
			children = (
				1A157D7229CED6C4000E9EEB /* Formatters */,
			);
			path = Utils;
			sourceTree = "<group>";
		};
		1A157D7229CED6C4000E9EEB /* Formatters */ = {
			isa = PBXGroup;
			children = (
				1A157D7329CED6E6000E9EEB /* RelativeWeekDayFormatterTests.swift */,
			);
			path = Formatters;
			sourceTree = "<group>";
		};
		1A157D7629CED938000E9EEB /* TestUtils */ = {
			isa = PBXGroup;
			children = (
				1A157D7729CED959000E9EEB /* Calendar+createDate.swift */,
			);
			path = TestUtils;
			sourceTree = "<group>";
		};
		1A157D7929CF3295000E9EEB /* DTO */ = {
			isa = PBXGroup;
			children = (
				1A157D7A29CF32B8000E9EEB /* Task.swift */,
				1A157D7D29CF3359000E9EEB /* Board.swift */,
			);
			path = DTO;
			sourceTree = "<group>";
		};
		1A157D7F29CF3E3C000E9EEB /* Entities */ = {
			isa = PBXGroup;
			children = (
				1A157D8029CF3E4B000E9EEB /* TaskCard.swift */,
			);
			path = Entities;
			sourceTree = "<group>";
		};
		1A157D8629D049F0000E9EEB /* Views */ = {
			isa = PBXGroup;
			children = (
				1A6161DB29CC62CC00C7E63B /* StyledPicker.swift */,
			);
			path = Views;
			sourceTree = "<group>";
		};
		1A157D8929D04DA9000E9EEB /* CreateTask */ = {
			isa = PBXGroup;
			children = (
				1A157D8C29D04DD2000E9EEB /* CreateTaskCoordinator.swift */,
				1A157D9429D076DE000E9EEB /* CreateTaskViewModel.swift */,
			);
			path = CreateTask;
			sourceTree = "<group>";
		};
		1A50C60F29CB51FA00B137E3 = {
			isa = PBXGroup;
			children = (
				1A50C61A29CB51FA00B137E3 /* todoshechka */,
				1A50C62C29CB51FB00B137E3 /* todoshechkaTests */,
				1A157D5C29CDEC50000E9EEB /* todoshechkaHostedTests */,
				1A50C61929CB51FA00B137E3 /* Products */,
			);
			sourceTree = "<group>";
		};
		1A50C61929CB51FA00B137E3 /* Products */ = {
			isa = PBXGroup;
			children = (
				1A50C61829CB51FA00B137E3 /* todoshechka.app */,
				1A50C62929CB51FB00B137E3 /* todoshechkaTests.xctest */,
				1A157D5B29CDEC50000E9EEB /* todoshechkaHostedTests.xctest */,
			);
			name = Products;
			sourceTree = "<group>";
		};
		1A50C61A29CB51FA00B137E3 /* todoshechka */ = {
			isa = PBXGroup;
			children = (
				1A157D3929CDE5EA000E9EEB /* App */,
				1A6161D629CB64F000C7E63B /* Screens */,
				1A157D7929CF3295000E9EEB /* DTO */,
				1A157D2B29CD9C63000E9EEB /* Utils */,
				1A157D2329CC73D3000E9EEB /* Extensions */,
				1A157D3B29CDE603000E9EEB /* Resources */,
				1A50C62229CB51FB00B137E3 /* Preview Content */,
			);
			path = todoshechka;
			sourceTree = "<group>";
		};
		1A50C62229CB51FB00B137E3 /* Preview Content */ = {
			isa = PBXGroup;
			children = (
				1A50C62329CB51FB00B137E3 /* Preview Assets.xcassets */,
			);
			path = "Preview Content";
			sourceTree = "<group>";
		};
		1A50C62C29CB51FB00B137E3 /* todoshechkaTests */ = {
			isa = PBXGroup;
			children = (
				1A157D6629CDED2A000E9EEB /* todoshechkaTests.swift */,
			);
			path = todoshechkaTests;
			sourceTree = "<group>";
		};
		1A6161D629CB64F000C7E63B /* Screens */ = {
			isa = PBXGroup;
			children = (
				1A157D8929D04DA9000E9EEB /* CreateTask */,
				1A6161D729CB65D200C7E63B /* Main */,
				1A157D2629CD9058000E9EEB /* Views */,
				1A157D7F29CF3E3C000E9EEB /* Entities */,
			);
			path = Screens;
			sourceTree = "<group>";
		};
		1A6161D729CB65D200C7E63B /* Main */ = {
			isa = PBXGroup;
			children = (
				1A157D8629D049F0000E9EEB /* Views */,
				1A50C61D29CB51FA00B137E3 /* MainScreen.swift */,
				1A157D3029CDDE5D000E9EEB /* MainScreenViewModel.swift */,
				1A157D8729D04A0F000E9EEB /* MainScreenCoordinator.swift */,
			);
			path = Main;
			sourceTree = "<group>";
		};
/* End PBXGroup section */

/* Begin PBXNativeTarget section */
		1A157D5A29CDEC50000E9EEB /* todoshechkaHostedTests */ = {
			isa = PBXNativeTarget;
			buildConfigurationList = 1A157D6129CDEC50000E9EEB /* Build configuration list for PBXNativeTarget "todoshechkaHostedTests" */;
			buildPhases = (
				1A157D5729CDEC50000E9EEB /* Sources */,
				1A157D5829CDEC50000E9EEB /* Frameworks */,
				1A157D5929CDEC50000E9EEB /* Resources */,
			);
			buildRules = (
			);
			dependencies = (
				1A157D6029CDEC50000E9EEB /* PBXTargetDependency */,
			);
			name = todoshechkaHostedTests;
			productName = todoshechkaHostedTests;
			productReference = 1A157D5B29CDEC50000E9EEB /* todoshechkaHostedTests.xctest */;
			productType = "com.apple.product-type.bundle.unit-test";
		};
		1A50C61729CB51FA00B137E3 /* todoshechka */ = {
			isa = PBXNativeTarget;
			buildConfigurationList = 1A50C63D29CB51FB00B137E3 /* Build configuration list for PBXNativeTarget "todoshechka" */;
			buildPhases = (
				1A50C61429CB51FA00B137E3 /* Sources */,
				1A50C61529CB51FA00B137E3 /* Frameworks */,
				1A50C61629CB51FA00B137E3 /* Resources */,
			);
			buildRules = (
			);
			dependencies = (
				1A157D2129CC72ED000E9EEB /* PBXTargetDependency */,
			);
			name = todoshechka;
			packageProductDependencies = (
				1A157D1E29CC72C4000E9EEB /* RswiftLibrary */,
			);
			productName = todoshechka;
			productReference = 1A50C61829CB51FA00B137E3 /* todoshechka.app */;
			productType = "com.apple.product-type.application";
		};
		1A50C62829CB51FB00B137E3 /* todoshechkaTests */ = {
			isa = PBXNativeTarget;
			buildConfigurationList = 1A50C64029CB51FB00B137E3 /* Build configuration list for PBXNativeTarget "todoshechkaTests" */;
			buildPhases = (
				1A50C62529CB51FB00B137E3 /* Sources */,
				1A50C62629CB51FB00B137E3 /* Frameworks */,
				1A50C62729CB51FB00B137E3 /* Resources */,
			);
			buildRules = (
			);
			dependencies = (
				1A50C62B29CB51FB00B137E3 /* PBXTargetDependency */,
			);
			name = todoshechkaTests;
			productName = todoshechkaTests;
			productReference = 1A50C62929CB51FB00B137E3 /* todoshechkaTests.xctest */;
			productType = "com.apple.product-type.bundle.unit-test";
		};
/* End PBXNativeTarget section */

/* Begin PBXProject section */
		1A50C61029CB51FA00B137E3 /* Project object */ = {
			isa = PBXProject;
			attributes = {
				BuildIndependentTargetsInParallel = 1;
				LastSwiftUpdateCheck = 1420;
				LastUpgradeCheck = 1420;
				TargetAttributes = {
					1A157D5A29CDEC50000E9EEB = {
						CreatedOnToolsVersion = 14.2;
						TestTargetID = 1A50C61729CB51FA00B137E3;
					};
					1A50C61729CB51FA00B137E3 = {
						CreatedOnToolsVersion = 14.2;
					};
					1A50C62829CB51FB00B137E3 = {
						CreatedOnToolsVersion = 14.2;
						LastSwiftMigration = 1420;
					};
				};
			};
			buildConfigurationList = 1A50C61329CB51FA00B137E3 /* Build configuration list for PBXProject "todoshechka" */;
			compatibilityVersion = "Xcode 14.0";
			developmentRegion = en;
			hasScannedForEncodings = 0;
			knownRegions = (
				en,
				Base,
			);
			mainGroup = 1A50C60F29CB51FA00B137E3;
			packageReferences = (
				1A157D1D29CC72C4000E9EEB /* XCRemoteSwiftPackageReference "R" */,
			);
			productRefGroup = 1A50C61929CB51FA00B137E3 /* Products */;
			projectDirPath = "";
			projectRoot = "";
			targets = (
				1A50C61729CB51FA00B137E3 /* todoshechka */,
				1A50C62829CB51FB00B137E3 /* todoshechkaTests */,
				1A157D5A29CDEC50000E9EEB /* todoshechkaHostedTests */,
			);
		};
/* End PBXProject section */

/* Begin PBXResourcesBuildPhase section */
		1A157D5929CDEC50000E9EEB /* Resources */ = {
			isa = PBXResourcesBuildPhase;
			buildActionMask = 2147483647;
			files = (
			);
			runOnlyForDeploymentPostprocessing = 0;
		};
		1A50C61629CB51FA00B137E3 /* Resources */ = {
			isa = PBXResourcesBuildPhase;
			buildActionMask = 2147483647;
			files = (
				1A50C62429CB51FB00B137E3 /* Preview Assets.xcassets in Resources */,
				1A157D3F29CDE70E000E9EEB /* Localizable.strings in Resources */,
				1A50C62029CB51FB00B137E3 /* Assets.xcassets in Resources */,
			);
			runOnlyForDeploymentPostprocessing = 0;
		};
		1A50C62729CB51FB00B137E3 /* Resources */ = {
			isa = PBXResourcesBuildPhase;
			buildActionMask = 2147483647;
			files = (
			);
			runOnlyForDeploymentPostprocessing = 0;
		};
/* End PBXResourcesBuildPhase section */

/* Begin PBXSourcesBuildPhase section */
		1A157D5729CDEC50000E9EEB /* Sources */ = {
			isa = PBXSourcesBuildPhase;
			buildActionMask = 2147483647;
			files = (
				1A157D7429CED6E6000E9EEB /* RelativeWeekDayFormatterTests.swift in Sources */,
				1A157D6429CDECA8000E9EEB /* MainScreenViewModelTests.swift in Sources */,
				1A157D7829CED959000E9EEB /* Calendar+createDate.swift in Sources */,
			);
			runOnlyForDeploymentPostprocessing = 0;
		};
		1A50C61429CB51FA00B137E3 /* Sources */ = {
			isa = PBXSourcesBuildPhase;
			buildActionMask = 2147483647;
			files = (
				1A157D8429D04956000E9EEB /* AppCoordinator.swift in Sources */,
				1A50C61E29CB51FA00B137E3 /* MainScreen.swift in Sources */,
				1A157D3129CDDE5D000E9EEB /* MainScreenViewModel.swift in Sources */,
				1A157D9D29D2F5BA000E9EEB /* CircleButton.swift in Sources */,
				1A157D7E29CF3359000E9EEB /* Board.swift in Sources */,
				1A157D8129CF3E4B000E9EEB /* TaskCard.swift in Sources */,
				1A157D8D29D04DD2000E9EEB /* CreateTaskCoordinator.swift in Sources */,
				1A157D9529D076DE000E9EEB /* CreateTaskViewModel.swift in Sources */,
				1A157D9729D1E6FE000E9EEB /* View+nonNilNavigationDestination.swift in Sources */,
				1A6161DC29CC62CC00C7E63B /* StyledPicker.swift in Sources */,
				1A157D6E29CE1077000E9EEB /* RelativeWeekDayFormatter.swift in Sources */,
				1A157D2D29CD9C88000E9EEB /* Callbacks.swift in Sources */,
				1A157D2A29CD9072000E9EEB /* Card.swift in Sources */,
				1A50C61C29CB51FA00B137E3 /* todoshechkaApp.swift in Sources */,
				1A157D7B29CF32B8000E9EEB /* Task.swift in Sources */,
				1A157D8829D04A0F000E9EEB /* MainScreenCoordinator.swift in Sources */,
				1A157D2529CC73EA000E9EEB /* ColorResource+SwiftUI.swift in Sources */,
			);
			runOnlyForDeploymentPostprocessing = 0;
		};
		1A50C62529CB51FB00B137E3 /* Sources */ = {
			isa = PBXSourcesBuildPhase;
			buildActionMask = 2147483647;
			files = (
				1A157D6729CDED2A000E9EEB /* todoshechkaTests.swift in Sources */,
			);
			runOnlyForDeploymentPostprocessing = 0;
		};
/* End PBXSourcesBuildPhase section */

/* Begin PBXTargetDependency section */
		1A157D2129CC72ED000E9EEB /* PBXTargetDependency */ = {
			isa = PBXTargetDependency;
			productRef = 1A157D2029CC72ED000E9EEB /* RswiftGenerateInternalResources */;
		};
		1A157D6029CDEC50000E9EEB /* PBXTargetDependency */ = {
			isa = PBXTargetDependency;
			target = 1A50C61729CB51FA00B137E3 /* todoshechka */;
			targetProxy = 1A157D5F29CDEC50000E9EEB /* PBXContainerItemProxy */;
		};
		1A50C62B29CB51FB00B137E3 /* PBXTargetDependency */ = {
			isa = PBXTargetDependency;
			target = 1A50C61729CB51FA00B137E3 /* todoshechka */;
			targetProxy = 1A50C62A29CB51FB00B137E3 /* PBXContainerItemProxy */;
		};
/* End PBXTargetDependency section */

/* Begin XCBuildConfiguration section */
		1A157D6229CDEC50000E9EEB /* Debug */ = {
			isa = XCBuildConfiguration;
			buildSettings = {
				BUNDLE_LOADER = "$(TEST_HOST)";
				CODE_SIGN_STYLE = Automatic;
				CURRENT_PROJECT_VERSION = 1;
				GENERATE_INFOPLIST_FILE = YES;
				IPHONEOS_DEPLOYMENT_TARGET = 16.2;
				MARKETING_VERSION = 1.0;
				PRODUCT_BUNDLE_IDENTIFIER = cherny.dev.todoshechkaHostedTests;
				PRODUCT_NAME = "$(TARGET_NAME)";
				SDKROOT = iphoneos;
				SWIFT_EMIT_LOC_STRINGS = NO;
				SWIFT_VERSION = 5.0;
				TARGETED_DEVICE_FAMILY = "1,2";
				TEST_HOST = "$(BUILT_PRODUCTS_DIR)/todoshechka.app/$(BUNDLE_EXECUTABLE_FOLDER_PATH)/todoshechka";
			};
			name = Debug;
		};
		1A157D6329CDEC50000E9EEB /* Release */ = {
			isa = XCBuildConfiguration;
			buildSettings = {
				BUNDLE_LOADER = "$(TEST_HOST)";
				CODE_SIGN_STYLE = Automatic;
				CURRENT_PROJECT_VERSION = 1;
				GENERATE_INFOPLIST_FILE = YES;
				IPHONEOS_DEPLOYMENT_TARGET = 16.2;
				MARKETING_VERSION = 1.0;
				PRODUCT_BUNDLE_IDENTIFIER = cherny.dev.todoshechkaHostedTests;
				PRODUCT_NAME = "$(TARGET_NAME)";
				SDKROOT = iphoneos;
				SWIFT_EMIT_LOC_STRINGS = NO;
				SWIFT_VERSION = 5.0;
				TARGETED_DEVICE_FAMILY = "1,2";
				TEST_HOST = "$(BUILT_PRODUCTS_DIR)/todoshechka.app/$(BUNDLE_EXECUTABLE_FOLDER_PATH)/todoshechka";
				VALIDATE_PRODUCT = YES;
			};
			name = Release;
		};
		1A50C63B29CB51FB00B137E3 /* Debug */ = {
			isa = XCBuildConfiguration;
			buildSettings = {
				ALWAYS_SEARCH_USER_PATHS = NO;
				CLANG_ANALYZER_NONNULL = YES;
				CLANG_ANALYZER_NUMBER_OBJECT_CONVERSION = YES_AGGRESSIVE;
				CLANG_CXX_LANGUAGE_STANDARD = "gnu++20";
				CLANG_ENABLE_MODULES = YES;
				CLANG_ENABLE_OBJC_ARC = YES;
				CLANG_ENABLE_OBJC_WEAK = YES;
				CLANG_WARN_BLOCK_CAPTURE_AUTORELEASING = YES;
				CLANG_WARN_BOOL_CONVERSION = YES;
				CLANG_WARN_COMMA = YES;
				CLANG_WARN_CONSTANT_CONVERSION = YES;
				CLANG_WARN_DEPRECATED_OBJC_IMPLEMENTATIONS = YES;
				CLANG_WARN_DIRECT_OBJC_ISA_USAGE = YES_ERROR;
				CLANG_WARN_DOCUMENTATION_COMMENTS = YES;
				CLANG_WARN_EMPTY_BODY = YES;
				CLANG_WARN_ENUM_CONVERSION = YES;
				CLANG_WARN_INFINITE_RECURSION = YES;
				CLANG_WARN_INT_CONVERSION = YES;
				CLANG_WARN_NON_LITERAL_NULL_CONVERSION = YES;
				CLANG_WARN_OBJC_IMPLICIT_RETAIN_SELF = YES;
				CLANG_WARN_OBJC_LITERAL_CONVERSION = YES;
				CLANG_WARN_OBJC_ROOT_CLASS = YES_ERROR;
				CLANG_WARN_QUOTED_INCLUDE_IN_FRAMEWORK_HEADER = YES;
				CLANG_WARN_RANGE_LOOP_ANALYSIS = YES;
				CLANG_WARN_STRICT_PROTOTYPES = YES;
				CLANG_WARN_SUSPICIOUS_MOVE = YES;
				CLANG_WARN_UNGUARDED_AVAILABILITY = YES_AGGRESSIVE;
				CLANG_WARN_UNREACHABLE_CODE = YES;
				CLANG_WARN__DUPLICATE_METHOD_MATCH = YES;
				COPY_PHASE_STRIP = NO;
				DEBUG_INFORMATION_FORMAT = dwarf;
				ENABLE_STRICT_OBJC_MSGSEND = YES;
				ENABLE_TESTABILITY = YES;
				GCC_C_LANGUAGE_STANDARD = gnu11;
				GCC_DYNAMIC_NO_PIC = NO;
				GCC_NO_COMMON_BLOCKS = YES;
				GCC_OPTIMIZATION_LEVEL = 0;
				GCC_PREPROCESSOR_DEFINITIONS = (
					"DEBUG=1",
					"$(inherited)",
				);
				GCC_WARN_64_TO_32_BIT_CONVERSION = YES;
				GCC_WARN_ABOUT_RETURN_TYPE = YES_ERROR;
				GCC_WARN_UNDECLARED_SELECTOR = YES;
				GCC_WARN_UNINITIALIZED_AUTOS = YES_AGGRESSIVE;
				GCC_WARN_UNUSED_FUNCTION = YES;
				GCC_WARN_UNUSED_VARIABLE = YES;
				MTL_ENABLE_DEBUG_INFO = INCLUDE_SOURCE;
				MTL_FAST_MATH = YES;
				ONLY_ACTIVE_ARCH = YES;
				SWIFT_ACTIVE_COMPILATION_CONDITIONS = DEBUG;
				SWIFT_OPTIMIZATION_LEVEL = "-Onone";
			};
			name = Debug;
		};
		1A50C63C29CB51FB00B137E3 /* Release */ = {
			isa = XCBuildConfiguration;
			buildSettings = {
				ALWAYS_SEARCH_USER_PATHS = NO;
				CLANG_ANALYZER_NONNULL = YES;
				CLANG_ANALYZER_NUMBER_OBJECT_CONVERSION = YES_AGGRESSIVE;
				CLANG_CXX_LANGUAGE_STANDARD = "gnu++20";
				CLANG_ENABLE_MODULES = YES;
				CLANG_ENABLE_OBJC_ARC = YES;
				CLANG_ENABLE_OBJC_WEAK = YES;
				CLANG_WARN_BLOCK_CAPTURE_AUTORELEASING = YES;
				CLANG_WARN_BOOL_CONVERSION = YES;
				CLANG_WARN_COMMA = YES;
				CLANG_WARN_CONSTANT_CONVERSION = YES;
				CLANG_WARN_DEPRECATED_OBJC_IMPLEMENTATIONS = YES;
				CLANG_WARN_DIRECT_OBJC_ISA_USAGE = YES_ERROR;
				CLANG_WARN_DOCUMENTATION_COMMENTS = YES;
				CLANG_WARN_EMPTY_BODY = YES;
				CLANG_WARN_ENUM_CONVERSION = YES;
				CLANG_WARN_INFINITE_RECURSION = YES;
				CLANG_WARN_INT_CONVERSION = YES;
				CLANG_WARN_NON_LITERAL_NULL_CONVERSION = YES;
				CLANG_WARN_OBJC_IMPLICIT_RETAIN_SELF = YES;
				CLANG_WARN_OBJC_LITERAL_CONVERSION = YES;
				CLANG_WARN_OBJC_ROOT_CLASS = YES_ERROR;
				CLANG_WARN_QUOTED_INCLUDE_IN_FRAMEWORK_HEADER = YES;
				CLANG_WARN_RANGE_LOOP_ANALYSIS = YES;
				CLANG_WARN_STRICT_PROTOTYPES = YES;
				CLANG_WARN_SUSPICIOUS_MOVE = YES;
				CLANG_WARN_UNGUARDED_AVAILABILITY = YES_AGGRESSIVE;
				CLANG_WARN_UNREACHABLE_CODE = YES;
				CLANG_WARN__DUPLICATE_METHOD_MATCH = YES;
				COPY_PHASE_STRIP = NO;
				DEBUG_INFORMATION_FORMAT = "dwarf-with-dsym";
				ENABLE_NS_ASSERTIONS = NO;
				ENABLE_STRICT_OBJC_MSGSEND = YES;
				GCC_C_LANGUAGE_STANDARD = gnu11;
				GCC_NO_COMMON_BLOCKS = YES;
				GCC_WARN_64_TO_32_BIT_CONVERSION = YES;
				GCC_WARN_ABOUT_RETURN_TYPE = YES_ERROR;
				GCC_WARN_UNDECLARED_SELECTOR = YES;
				GCC_WARN_UNINITIALIZED_AUTOS = YES_AGGRESSIVE;
				GCC_WARN_UNUSED_FUNCTION = YES;
				GCC_WARN_UNUSED_VARIABLE = YES;
				MTL_ENABLE_DEBUG_INFO = NO;
				MTL_FAST_MATH = YES;
				SWIFT_COMPILATION_MODE = wholemodule;
				SWIFT_OPTIMIZATION_LEVEL = "-O";
			};
			name = Release;
		};
		1A50C63E29CB51FB00B137E3 /* Debug */ = {
			isa = XCBuildConfiguration;
			buildSettings = {
				ASSETCATALOG_COMPILER_APPICON_NAME = AppIcon;
				ASSETCATALOG_COMPILER_GLOBAL_ACCENT_COLOR_NAME = AccentColor;
				CODE_SIGN_ENTITLEMENTS = todoshechka/App/todoshechka.entitlements;
				CODE_SIGN_STYLE = Automatic;
				CURRENT_PROJECT_VERSION = 1;
				DEVELOPMENT_ASSET_PATHS = "\"todoshechka/Preview Content\"";
				ENABLE_PREVIEWS = YES;
				GENERATE_INFOPLIST_FILE = YES;
				"INFOPLIST_KEY_UIApplicationSceneManifest_Generation[sdk=iphoneos*]" = YES;
				"INFOPLIST_KEY_UIApplicationSceneManifest_Generation[sdk=iphonesimulator*]" = YES;
				"INFOPLIST_KEY_UIApplicationSupportsIndirectInputEvents[sdk=iphoneos*]" = YES;
				"INFOPLIST_KEY_UIApplicationSupportsIndirectInputEvents[sdk=iphonesimulator*]" = YES;
				"INFOPLIST_KEY_UILaunchScreen_Generation[sdk=iphoneos*]" = YES;
				"INFOPLIST_KEY_UILaunchScreen_Generation[sdk=iphonesimulator*]" = YES;
				"INFOPLIST_KEY_UIStatusBarStyle[sdk=iphoneos*]" = UIStatusBarStyleDefault;
				"INFOPLIST_KEY_UIStatusBarStyle[sdk=iphonesimulator*]" = UIStatusBarStyleDefault;
				INFOPLIST_KEY_UISupportedInterfaceOrientations_iPad = "UIInterfaceOrientationPortrait UIInterfaceOrientationPortraitUpsideDown UIInterfaceOrientationLandscapeLeft UIInterfaceOrientationLandscapeRight";
				INFOPLIST_KEY_UISupportedInterfaceOrientations_iPhone = "UIInterfaceOrientationPortrait UIInterfaceOrientationLandscapeLeft UIInterfaceOrientationLandscapeRight";
				IPHONEOS_DEPLOYMENT_TARGET = 16.2;
				LD_RUNPATH_SEARCH_PATHS = "@executable_path/Frameworks";
				"LD_RUNPATH_SEARCH_PATHS[sdk=macosx*]" = "@executable_path/../Frameworks";
				MACOSX_DEPLOYMENT_TARGET = 13.1;
				MARKETING_VERSION = 1.0;
				PRODUCT_BUNDLE_IDENTIFIER = cherny.dev.todoshechka;
				PRODUCT_NAME = "$(TARGET_NAME)";
				SDKROOT = auto;
				SUPPORTED_PLATFORMS = "iphoneos iphonesimulator macosx";
				SWIFT_EMIT_LOC_STRINGS = YES;
				SWIFT_VERSION = 5.0;
				TARGETED_DEVICE_FAMILY = "1,2";
			};
			name = Debug;
		};
		1A50C63F29CB51FB00B137E3 /* Release */ = {
			isa = XCBuildConfiguration;
			buildSettings = {
				ASSETCATALOG_COMPILER_APPICON_NAME = AppIcon;
				ASSETCATALOG_COMPILER_GLOBAL_ACCENT_COLOR_NAME = AccentColor;
				CODE_SIGN_ENTITLEMENTS = todoshechka/App/todoshechka.entitlements;
				CODE_SIGN_STYLE = Automatic;
				CURRENT_PROJECT_VERSION = 1;
				DEVELOPMENT_ASSET_PATHS = "\"todoshechka/Preview Content\"";
				ENABLE_PREVIEWS = YES;
				GENERATE_INFOPLIST_FILE = YES;
				"INFOPLIST_KEY_UIApplicationSceneManifest_Generation[sdk=iphoneos*]" = YES;
				"INFOPLIST_KEY_UIApplicationSceneManifest_Generation[sdk=iphonesimulator*]" = YES;
				"INFOPLIST_KEY_UIApplicationSupportsIndirectInputEvents[sdk=iphoneos*]" = YES;
				"INFOPLIST_KEY_UIApplicationSupportsIndirectInputEvents[sdk=iphonesimulator*]" = YES;
				"INFOPLIST_KEY_UILaunchScreen_Generation[sdk=iphoneos*]" = YES;
				"INFOPLIST_KEY_UILaunchScreen_Generation[sdk=iphonesimulator*]" = YES;
				"INFOPLIST_KEY_UIStatusBarStyle[sdk=iphoneos*]" = UIStatusBarStyleDefault;
				"INFOPLIST_KEY_UIStatusBarStyle[sdk=iphonesimulator*]" = UIStatusBarStyleDefault;
				INFOPLIST_KEY_UISupportedInterfaceOrientations_iPad = "UIInterfaceOrientationPortrait UIInterfaceOrientationPortraitUpsideDown UIInterfaceOrientationLandscapeLeft UIInterfaceOrientationLandscapeRight";
				INFOPLIST_KEY_UISupportedInterfaceOrientations_iPhone = "UIInterfaceOrientationPortrait UIInterfaceOrientationLandscapeLeft UIInterfaceOrientationLandscapeRight";
				IPHONEOS_DEPLOYMENT_TARGET = 16.2;
				LD_RUNPATH_SEARCH_PATHS = "@executable_path/Frameworks";
				"LD_RUNPATH_SEARCH_PATHS[sdk=macosx*]" = "@executable_path/../Frameworks";
				MACOSX_DEPLOYMENT_TARGET = 13.1;
				MARKETING_VERSION = 1.0;
				PRODUCT_BUNDLE_IDENTIFIER = cherny.dev.todoshechka;
				PRODUCT_NAME = "$(TARGET_NAME)";
				SDKROOT = auto;
				SUPPORTED_PLATFORMS = "iphoneos iphonesimulator macosx";
				SWIFT_EMIT_LOC_STRINGS = YES;
				SWIFT_VERSION = 5.0;
				TARGETED_DEVICE_FAMILY = "1,2";
			};
			name = Release;
		};
		1A50C64129CB51FB00B137E3 /* Debug */ = {
			isa = XCBuildConfiguration;
			buildSettings = {
				ALWAYS_EMBED_SWIFT_STANDARD_LIBRARIES = YES;
				CLANG_ENABLE_MODULES = YES;
				CODE_SIGN_STYLE = Automatic;
				CURRENT_PROJECT_VERSION = 1;
				GENERATE_INFOPLIST_FILE = YES;
				IPHONEOS_DEPLOYMENT_TARGET = 16.2;
				LD_RUNPATH_SEARCH_PATHS = (
					"$(inherited)",
					"@executable_path/Frameworks",
					"@loader_path/Frameworks",
				);
				MACOSX_DEPLOYMENT_TARGET = 13.1;
				MARKETING_VERSION = 1.0;
				PRODUCT_BUNDLE_IDENTIFIER = cherny.dev.todoshechkaTests;
				PRODUCT_NAME = "$(TARGET_NAME)";
				SDKROOT = auto;
				SUPPORTED_PLATFORMS = "iphoneos iphonesimulator macosx";
				SWIFT_EMIT_LOC_STRINGS = NO;
				SWIFT_OPTIMIZATION_LEVEL = "-Onone";
				SWIFT_VERSION = 5.0;
				TARGETED_DEVICE_FAMILY = "1,2";
			};
			name = Debug;
		};
		1A50C64229CB51FB00B137E3 /* Release */ = {
			isa = XCBuildConfiguration;
			buildSettings = {
				ALWAYS_EMBED_SWIFT_STANDARD_LIBRARIES = YES;
				CLANG_ENABLE_MODULES = YES;
				CODE_SIGN_STYLE = Automatic;
				CURRENT_PROJECT_VERSION = 1;
				GENERATE_INFOPLIST_FILE = YES;
				IPHONEOS_DEPLOYMENT_TARGET = 16.2;
				LD_RUNPATH_SEARCH_PATHS = (
					"$(inherited)",
					"@executable_path/Frameworks",
					"@loader_path/Frameworks",
				);
				MACOSX_DEPLOYMENT_TARGET = 13.1;
				MARKETING_VERSION = 1.0;
				PRODUCT_BUNDLE_IDENTIFIER = cherny.dev.todoshechkaTests;
				PRODUCT_NAME = "$(TARGET_NAME)";
				SDKROOT = auto;
				SUPPORTED_PLATFORMS = "iphoneos iphonesimulator macosx";
				SWIFT_EMIT_LOC_STRINGS = NO;
				SWIFT_VERSION = 5.0;
				TARGETED_DEVICE_FAMILY = "1,2";
			};
			name = Release;
		};
/* End XCBuildConfiguration section */

/* Begin XCConfigurationList section */
		1A157D6129CDEC50000E9EEB /* Build configuration list for PBXNativeTarget "todoshechkaHostedTests" */ = {
			isa = XCConfigurationList;
			buildConfigurations = (
				1A157D6229CDEC50000E9EEB /* Debug */,
				1A157D6329CDEC50000E9EEB /* Release */,
			);
			defaultConfigurationIsVisible = 0;
			defaultConfigurationName = Release;
		};
		1A50C61329CB51FA00B137E3 /* Build configuration list for PBXProject "todoshechka" */ = {
			isa = XCConfigurationList;
			buildConfigurations = (
				1A50C63B29CB51FB00B137E3 /* Debug */,
				1A50C63C29CB51FB00B137E3 /* Release */,
			);
			defaultConfigurationIsVisible = 0;
			defaultConfigurationName = Release;
		};
		1A50C63D29CB51FB00B137E3 /* Build configuration list for PBXNativeTarget "todoshechka" */ = {
			isa = XCConfigurationList;
			buildConfigurations = (
				1A50C63E29CB51FB00B137E3 /* Debug */,
				1A50C63F29CB51FB00B137E3 /* Release */,
			);
			defaultConfigurationIsVisible = 0;
			defaultConfigurationName = Release;
		};
		1A50C64029CB51FB00B137E3 /* Build configuration list for PBXNativeTarget "todoshechkaTests" */ = {
			isa = XCConfigurationList;
			buildConfigurations = (
				1A50C64129CB51FB00B137E3 /* Debug */,
				1A50C64229CB51FB00B137E3 /* Release */,
			);
			defaultConfigurationIsVisible = 0;
			defaultConfigurationName = Release;
		};
/* End XCConfigurationList section */

/* Begin XCRemoteSwiftPackageReference section */
		1A157D1D29CC72C4000E9EEB /* XCRemoteSwiftPackageReference "R" */ = {
			isa = XCRemoteSwiftPackageReference;
			repositoryURL = "https://github.com/mac-cain13/R.swift";
			requirement = {
				kind = upToNextMinorVersion;
				minimumVersion = 7.3.0;
			};
		};
/* End XCRemoteSwiftPackageReference section */

/* Begin XCSwiftPackageProductDependency section */
		1A157D1E29CC72C4000E9EEB /* RswiftLibrary */ = {
			isa = XCSwiftPackageProductDependency;
			package = 1A157D1D29CC72C4000E9EEB /* XCRemoteSwiftPackageReference "R" */;
			productName = RswiftLibrary;
		};
		1A157D2029CC72ED000E9EEB /* RswiftGenerateInternalResources */ = {
			isa = XCSwiftPackageProductDependency;
			productName = "plugin:RswiftGenerateInternalResources";
		};
/* End XCSwiftPackageProductDependency section */
	};
	rootObject = 1A50C61029CB51FA00B137E3 /* Project object */;
}
